
Microsoft Visual Studio Solution File, Format Version 12.00
# Visual Studio Version 17
VisualStudioVersion = 17.1.32319.34
MinimumVisualStudioVersion = 10.0.40219.1
Project("{FAE04EC0-301F-11D3-BF4B-00C04F79EFBC}") = "ConsoleRun", "ConsoleRun\ConsoleRun.csproj", "{2E4C13D2-F24A-419A-B473-0B39FE1FCA06}"
EndProject
Global
	GlobalSection(SolutionConfigurationPlatforms) = preSolution
		Debug|Any CPU = Debug|Any CPU
		Release|Any CPU = Release|Any CPU
	EndGlobalSection
	GlobalSection(ProjectConfigurationPlatforms) = postSolution
		{2E4C13D2-F24A-419A-B473-0B39FE1FCA06}.Debug|Any CPU.ActiveCfg = Debug|Any CPU
		{2E4C13D2-F24A-419A-B473-0B39FE1FCA06}.Debug|Any CPU.Build.0 = Debug|Any CPU
		{2E4C13D2-F24A-419A-B473-0B39FE1FCA06}.Release|Any CPU.ActiveCfg = Release|Any CPU
		{2E4C13D2-F24A-419A-B473-0B39FE1FCA06}.Release|Any CPU.Build.0 = Release|Any CPU
	EndGlobalSection
	GlobalSection(SolutionProperties) = preSolution
		HideSolutionNode = FALSE
	EndGlobalSection
	GlobalSection(ExtensibilityGlobals) = postSolution
		SolutionGuid = {2959D9EA-73EA-4B84-A854-7EE5A3A284C1}
	EndGlobalSection
EndGlobal
