
Microsoft Visual Studio Solution File, Format Version 12.00
# Visual Studio Version 17
VisualStudioVersion = 17.8.34511.84
MinimumVisualStudioVersion = 10.0.40219.1
Project("{FAE04EC0-301F-11D3-BF4B-00C04F79EFBC}") = "LiveWallpaper", "LiveWallpaper\LiveWallpaper.csproj", "{EC3C4ADD-D26D-4BEE-A9A8-CBCFFA945B1B}"
EndProject
Global
	GlobalSection(SolutionConfigurationPlatforms) = preSolution
		Debug|Any CPU = Debug|Any CPU
		Release|Any CPU = Release|Any CPU
	EndGlobalSection
	GlobalSection(ProjectConfigurationPlatforms) = postSolution
		{EC3C4ADD-D26D-4BEE-A9A8-CBCFFA945B1B}.Debug|Any CPU.ActiveCfg = Debug|Any CPU
		{EC3C4ADD-D26D-4BEE-A9A8-CBCFFA945B1B}.Debug|Any CPU.Build.0 = Debug|Any CPU
		{EC3C4ADD-D26D-4BEE-A9A8-CBCFFA945B1B}.Release|Any CPU.ActiveCfg = Release|Any CPU
		{EC3C4ADD-D26D-4BEE-A9A8-CBCFFA945B1B}.Release|Any CPU.Build.0 = Release|Any CPU
	EndGlobalSection
	GlobalSection(SolutionProperties) = preSolution
		HideSolutionNode = FALSE
	EndGlobalSection
	GlobalSection(ExtensibilityGlobals) = postSolution
		SolutionGuid = {7DA22A51-7408-467E-8DEA-3B2F5931718C}
	EndGlobalSection
EndGlobal
